
Microsoft Visual Studio Solution File, Format Version 12.00
# Visual Studio 15
VisualStudioVersion = 15.0.28010.2026
MinimumVisualStudioVersion = 10.0.40219.1
Project("{8BC9CEB8-8B4A-11D0-8D11-00A0C91BC942}") = "Hangman", "Hangman\Hangman.vcxproj", "{937F2E75-DD97-4009-A354-EAC82D4CEA9B}"
EndProject
Global
	GlobalSection(SolutionConfigurationPlatforms) = preSolution
		Debug|x64 = Debug|x64
		Debug|x86 = Debug|x86
		Release|x64 = Release|x64
		Release|x86 = Release|x86
	EndGlobalSection
	GlobalSection(ProjectConfigurationPlatforms) = postSolution
		{937F2E75-DD97-4009-A354-EAC82D4CEA9B}.Debug|x64.ActiveCfg = Debug|x64
		{937F2E75-DD97-4009-A354-EAC82D4CEA9B}.Debug|x64.Build.0 = Debug|x64
		{937F2E75-DD97-4009-A354-EAC82D4CEA9B}.Debug|x86.ActiveCfg = Debug|Win32
		{937F2E75-DD97-4009-A354-EAC82D4CEA9B}.Debug|x86.Build.0 = Debug|Win32
		{937F2E75-DD97-4009-A354-EAC82D4CEA9B}.Release|x64.ActiveCfg = Release|x64
		{937F2E75-DD97-4009-A354-EAC82D4CEA9B}.Release|x64.Build.0 = Release|x64
		{937F2E75-DD97-4009-A354-EAC82D4CEA9B}.Release|x86.ActiveCfg = Release|Win32
		{937F2E75-DD97-4009-A354-EAC82D4CEA9B}.Release|x86.Build.0 = Release|Win32
	EndGlobalSection
	GlobalSection(SolutionProperties) = preSolution
		HideSolutionNode = FALSE
	EndGlobalSection
	GlobalSection(ExtensibilityGlobals) = postSolution
		SolutionGuid = {6681C5FA-3646-450C-BB2F-8CA2DD6F68D1}
	EndGlobalSection
EndGlobal
